
Microsoft Visual Studio Solution File, Format Version 12.00
# Visual Studio 15
Project("{FAE04EC0-301F-11D3-BF4B-00C04F79EFBC}") = "GodAndMe.Android", "GodAndMe.Android\GodAndMe.Android.csproj", "{C4EE98CE-03FD-423F-AF84-6C0F2EAD2CC9}"
EndProject
Project("{FAE04EC0-301F-11D3-BF4B-00C04F79EFBC}") = "GodAndMe.iOS", "GodAndMe.iOS\GodAndMe.iOS.csproj", "{360E6AEC-9C5B-421E-AA0F-2ED4879A7556}"
EndProject
Project("{FAE04EC0-301F-11D3-BF4B-00C04F79EFBC}") = "GodAndMe", "GodAndMe\GodAndMe.csproj", "{AACBD266-AF23-48D4-BD14-073ECE957791}"
EndProject
Project("{FAE04EC0-301F-11D3-BF4B-00C04F79EFBC}") = "GodandMe.WatchOSApp", "GodandMe.WatchOSApp\GodandMe.WatchOSApp.csproj", "{54672F62-5C8B-4E5A-BABF-9CBC94C711D9}"
EndProject
Project("{FAE04EC0-301F-11D3-BF4B-00C04F79EFBC}") = "GodandMe.WatchOSExtension", "GodandMe.WatchOSExtension\GodandMe.WatchOSExtension.csproj", "{0BD7CA8B-4726-4FAC-AEC3-6CF46C18240F}"
EndProject
Global
	GlobalSection(SolutionConfigurationPlatforms) = preSolution
		Debug|Any CPU = Debug|Any CPU
		Release|Any CPU = Release|Any CPU
		Debug|iPhoneSimulator = Debug|iPhoneSimulator
		Release|iPhoneSimulator = Release|iPhoneSimulator
		Debug|iPhone = Debug|iPhone
		Release|iPhone = Release|iPhone
		Debug iOS|Any CPU = Debug iOS|Any CPU
		Release iOS|Any CPU = Release iOS|Any CPU
		Debug Android|Any CPU = Debug Android|Any CPU
		Release Android|Any CPU = Release Android|Any CPU
		Debug iPhoneSimulator|iPhoneSimulator = Debug iPhoneSimulator|iPhoneSimulator
		Release iPhoneSimulator|iPhoneSimulator = Release iPhoneSimulator|iPhoneSimulator
		Debug iPhone|iPhone = Debug iPhone|iPhone
		Release iPhone|iPhone = Release iPhone|iPhone
	EndGlobalSection
	GlobalSection(ProjectConfigurationPlatforms) = postSolution
		{C4EE98CE-03FD-423F-AF84-6C0F2EAD2CC9}.Debug Android|Any CPU.ActiveCfg = Debug Android|Any CPU
		{C4EE98CE-03FD-423F-AF84-6C0F2EAD2CC9}.Debug Android|Any CPU.Build.0 = Debug Android|Any CPU
		{C4EE98CE-03FD-423F-AF84-6C0F2EAD2CC9}.Release Android|Any CPU.ActiveCfg = Release Android|Any CPU
		{C4EE98CE-03FD-423F-AF84-6C0F2EAD2CC9}.Release Android|Any CPU.Build.0 = Release Android|Any CPU
		{C4EE98CE-03FD-423F-AF84-6C0F2EAD2CC9}.Debug iPhoneSimulator|iPhoneSimulator.ActiveCfg = Debug Android|Any CPU
		{C4EE98CE-03FD-423F-AF84-6C0F2EAD2CC9}.Release iPhoneSimulator|iPhoneSimulator.ActiveCfg = Release Android|Any CPU
		{C4EE98CE-03FD-423F-AF84-6C0F2EAD2CC9}.Debug iPhone|iPhone.ActiveCfg = Debug Android|Any CPU
		{C4EE98CE-03FD-423F-AF84-6C0F2EAD2CC9}.Release iPhone|iPhone.ActiveCfg = Release Android|Any CPU
		{C4EE98CE-03FD-423F-AF84-6C0F2EAD2CC9}.Debug|Any CPU.ActiveCfg = Debug Android|Any CPU
		{C4EE98CE-03FD-423F-AF84-6C0F2EAD2CC9}.Debug|Any CPU.Build.0 = Debug Android|Any CPU
		{C4EE98CE-03FD-423F-AF84-6C0F2EAD2CC9}.Release|Any CPU.ActiveCfg = Release Android|Any CPU
		{C4EE98CE-03FD-423F-AF84-6C0F2EAD2CC9}.Release|Any CPU.Build.0 = Release Android|Any CPU
		{360E6AEC-9C5B-421E-AA0F-2ED4879A7556}.Debug Android|Any CPU.ActiveCfg = Debug iPhoneSimulator|iPhoneSimulator
		{360E6AEC-9C5B-421E-AA0F-2ED4879A7556}.Release Android|Any CPU.ActiveCfg = Debug iPhoneSimulator|iPhoneSimulator
		{360E6AEC-9C5B-421E-AA0F-2ED4879A7556}.Debug iPhoneSimulator|iPhoneSimulator.ActiveCfg = Debug iPhoneSimulator|iPhoneSimulator
		{360E6AEC-9C5B-421E-AA0F-2ED4879A7556}.Debug iPhoneSimulator|iPhoneSimulator.Build.0 = Debug iPhoneSimulator|iPhoneSimulator
		{360E6AEC-9C5B-421E-AA0F-2ED4879A7556}.Release iPhoneSimulator|iPhoneSimulator.ActiveCfg = Release iPhoneSimulator|iPhoneSimulator
		{360E6AEC-9C5B-421E-AA0F-2ED4879A7556}.Release iPhoneSimulator|iPhoneSimulator.Build.0 = Release iPhoneSimulator|iPhoneSimulator
		{360E6AEC-9C5B-421E-AA0F-2ED4879A7556}.Debug iPhone|iPhone.ActiveCfg = Debug iPhone|iPhone
		{360E6AEC-9C5B-421E-AA0F-2ED4879A7556}.Debug iPhone|iPhone.Build.0 = Debug iPhone|iPhone
		{360E6AEC-9C5B-421E-AA0F-2ED4879A7556}.Release iPhone|iPhone.ActiveCfg = Release iPhone|iPhone
		{360E6AEC-9C5B-421E-AA0F-2ED4879A7556}.Release iPhone|iPhone.Build.0 = Release iPhone|iPhone
		{360E6AEC-9C5B-421E-AA0F-2ED4879A7556}.Release|Any CPU.ActiveCfg = Release iPhoneSimulator|iPhoneSimulator
		{360E6AEC-9C5B-421E-AA0F-2ED4879A7556}.Debug iOS|Any CPU.ActiveCfg = Debug iPhone|iPhone
		{360E6AEC-9C5B-421E-AA0F-2ED4879A7556}.Debug iOS|Any CPU.Build.0 = Debug iPhone|iPhone
		{360E6AEC-9C5B-421E-AA0F-2ED4879A7556}.Release iOS|Any CPU.ActiveCfg = Release iPhone|iPhone
		{360E6AEC-9C5B-421E-AA0F-2ED4879A7556}.Debug|iPhoneSimulator.ActiveCfg = Debug iPhoneSimulator|iPhoneSimulator
		{360E6AEC-9C5B-421E-AA0F-2ED4879A7556}.Debug|iPhoneSimulator.Build.0 = Debug iPhoneSimulator|iPhoneSimulator
		{360E6AEC-9C5B-421E-AA0F-2ED4879A7556}.Release|iPhoneSimulator.ActiveCfg = Release iPhoneSimulator|iPhoneSimulator
		{360E6AEC-9C5B-421E-AA0F-2ED4879A7556}.Release|iPhoneSimulator.Build.0 = Release iPhoneSimulator|iPhoneSimulator
		{360E6AEC-9C5B-421E-AA0F-2ED4879A7556}.Debug|iPhone.ActiveCfg = Debug iPhone|iPhone
		{360E6AEC-9C5B-421E-AA0F-2ED4879A7556}.Debug|iPhone.Build.0 = Debug iPhone|iPhone
		{360E6AEC-9C5B-421E-AA0F-2ED4879A7556}.Release|iPhone.ActiveCfg = Release iPhone|iPhone
		{360E6AEC-9C5B-421E-AA0F-2ED4879A7556}.Release|iPhone.Build.0 = Release iPhone|iPhone
		{360E6AEC-9C5B-421E-AA0F-2ED4879A7556}.Release iOS|Any CPU.Build.0 = Release iPhone|iPhone
		{AACBD266-AF23-48D4-BD14-073ECE957791}.Debug Android|Any CPU.ActiveCfg = Debug Android|Any CPU
		{AACBD266-AF23-48D4-BD14-073ECE957791}.Debug Android|Any CPU.Build.0 = Debug Android|Any CPU
		{AACBD266-AF23-48D4-BD14-073ECE957791}.Release Android|Any CPU.ActiveCfg = Release Android|Any CPU
		{AACBD266-AF23-48D4-BD14-073ECE957791}.Release Android|Any CPU.Build.0 = Release Android|Any CPU
		{AACBD266-AF23-48D4-BD14-073ECE957791}.Debug iPhoneSimulator|iPhoneSimulator.ActiveCfg = Debug iPhoneSimulator|Any CPU
		{AACBD266-AF23-48D4-BD14-073ECE957791}.Debug iPhoneSimulator|iPhoneSimulator.Build.0 = Debug iPhoneSimulator|Any CPU
		{AACBD266-AF23-48D4-BD14-073ECE957791}.Release iPhoneSimulator|iPhoneSimulator.ActiveCfg = Release iPhoneSimulator|Any CPU
		{AACBD266-AF23-48D4-BD14-073ECE957791}.Release iPhoneSimulator|iPhoneSimulator.Build.0 = Release iPhoneSimulator|Any CPU
		{AACBD266-AF23-48D4-BD14-073ECE957791}.Debug iPhone|iPhone.ActiveCfg = Debug iPhone|Any CPU
		{AACBD266-AF23-48D4-BD14-073ECE957791}.Debug iPhone|iPhone.Build.0 = Debug iPhone|Any CPU
		{AACBD266-AF23-48D4-BD14-073ECE957791}.Release iPhone|iPhone.ActiveCfg = Release iPhone|Any CPU
		{AACBD266-AF23-48D4-BD14-073ECE957791}.Release iPhone|iPhone.Build.0 = Release iPhone|Any CPU
		{AACBD266-AF23-48D4-BD14-073ECE957791}.Debug|Any CPU.ActiveCfg = Debug Android|Any CPU
		{AACBD266-AF23-48D4-BD14-073ECE957791}.Debug|Any CPU.Build.0 = Debug Android|Any CPU
		{AACBD266-AF23-48D4-BD14-073ECE957791}.Release|Any CPU.ActiveCfg = Release Android|Any CPU
		{AACBD266-AF23-48D4-BD14-073ECE957791}.Release|Any CPU.Build.0 = Release Android|Any CPU
		{AACBD266-AF23-48D4-BD14-073ECE957791}.Debug|iPhoneSimulator.ActiveCfg = Debug iPhoneSimulator|Any CPU
		{AACBD266-AF23-48D4-BD14-073ECE957791}.Debug|iPhoneSimulator.Build.0 = Debug iPhoneSimulator|Any CPU
		{AACBD266-AF23-48D4-BD14-073ECE957791}.Release|iPhoneSimulator.ActiveCfg = Release iPhoneSimulator|Any CPU
		{AACBD266-AF23-48D4-BD14-073ECE957791}.Release|iPhoneSimulator.Build.0 = Release iPhoneSimulator|Any CPU
		{AACBD266-AF23-48D4-BD14-073ECE957791}.Debug|iPhone.ActiveCfg = Debug iPhone|Any CPU
		{AACBD266-AF23-48D4-BD14-073ECE957791}.Debug|iPhone.Build.0 = Debug iPhone|Any CPU
		{AACBD266-AF23-48D4-BD14-073ECE957791}.Release|iPhone.ActiveCfg = Release iPhone|Any CPU
		{AACBD266-AF23-48D4-BD14-073ECE957791}.Release|iPhone.Build.0 = Release iPhone|Any CPU
		{AACBD266-AF23-48D4-BD14-073ECE957791}.Debug iOS|Any CPU.ActiveCfg = Debug iPhone|Any CPU
		{AACBD266-AF23-48D4-BD14-073ECE957791}.Debug iOS|Any CPU.Build.0 = Debug iPhone|Any CPU
		{AACBD266-AF23-48D4-BD14-073ECE957791}.Release iOS|Any CPU.ActiveCfg = Release iPhone|Any CPU
		{AACBD266-AF23-48D4-BD14-073ECE957791}.Release iOS|Any CPU.Build.0 = Release iPhone|Any CPU
		{54672F62-5C8B-4E5A-BABF-9CBC94C711D9}.Debug|Any CPU.ActiveCfg = Debug|iPhoneSimulator
		{54672F62-5C8B-4E5A-BABF-9CBC94C711D9}.Release|Any CPU.ActiveCfg = Release|iPhone
		{54672F62-5C8B-4E5A-BABF-9CBC94C711D9}.Debug|iPhoneSimulator.ActiveCfg = Debug|iPhoneSimulator
		{54672F62-5C8B-4E5A-BABF-9CBC94C711D9}.Release|iPhoneSimulator.ActiveCfg = Release|iPhoneSimulator
		{54672F62-5C8B-4E5A-BABF-9CBC94C711D9}.Debug|iPhone.ActiveCfg = Debug|iPhone
		{54672F62-5C8B-4E5A-BABF-9CBC94C711D9}.Release|iPhone.ActiveCfg = Release|iPhone
		{54672F62-5C8B-4E5A-BABF-9CBC94C711D9}.Debug iOS|Any CPU.ActiveCfg = Debug|iPhone
		{54672F62-5C8B-4E5A-BABF-9CBC94C711D9}.Release iOS|Any CPU.ActiveCfg = Release|iPhone
		{54672F62-5C8B-4E5A-BABF-9CBC94C711D9}.Debug Android|Any CPU.ActiveCfg = Debug|iPhoneSimulator
		{54672F62-5C8B-4E5A-BABF-9CBC94C711D9}.Release Android|Any CPU.ActiveCfg = Debug|iPhoneSimulator
		{54672F62-5C8B-4E5A-BABF-9CBC94C711D9}.Debug iPhoneSimulator|iPhoneSimulator.ActiveCfg = Debug|iPhoneSimulator
		{54672F62-5C8B-4E5A-BABF-9CBC94C711D9}.Release iPhoneSimulator|iPhoneSimulator.ActiveCfg = Debug|iPhoneSimulator
		{54672F62-5C8B-4E5A-BABF-9CBC94C711D9}.Debug iPhone|iPhone.ActiveCfg = Debug|iPhone
		{54672F62-5C8B-4E5A-BABF-9CBC94C711D9}.Release iPhone|iPhone.ActiveCfg = Release|iPhone
		{0BD7CA8B-4726-4FAC-AEC3-6CF46C18240F}.Debug|Any CPU.ActiveCfg = Debug|iPhoneSimulator
		{0BD7CA8B-4726-4FAC-AEC3-6CF46C18240F}.Release|Any CPU.ActiveCfg = Release|iPhone
		{0BD7CA8B-4726-4FAC-AEC3-6CF46C18240F}.Debug|iPhoneSimulator.ActiveCfg = Debug|iPhoneSimulator
		{0BD7CA8B-4726-4FAC-AEC3-6CF46C18240F}.Release|iPhoneSimulator.ActiveCfg = Release|iPhoneSimulator
		{0BD7CA8B-4726-4FAC-AEC3-6CF46C18240F}.Debug|iPhone.ActiveCfg = Debug|iPhone
		{0BD7CA8B-4726-4FAC-AEC3-6CF46C18240F}.Release|iPhone.ActiveCfg = Release|iPhone
		{0BD7CA8B-4726-4FAC-AEC3-6CF46C18240F}.Debug iOS|Any CPU.ActiveCfg = Debug|iPhone
		{0BD7CA8B-4726-4FAC-AEC3-6CF46C18240F}.Release iOS|Any CPU.ActiveCfg = Release|iPhone
		{0BD7CA8B-4726-4FAC-AEC3-6CF46C18240F}.Debug Android|Any CPU.ActiveCfg = Debug|iPhoneSimulator
		{0BD7CA8B-4726-4FAC-AEC3-6CF46C18240F}.Release Android|Any CPU.ActiveCfg = Debug|iPhoneSimulator
		{0BD7CA8B-4726-4FAC-AEC3-6CF46C18240F}.Debug iPhoneSimulator|iPhoneSimulator.ActiveCfg = Debug|iPhoneSimulator
		{0BD7CA8B-4726-4FAC-AEC3-6CF46C18240F}.Release iPhoneSimulator|iPhoneSimulator.ActiveCfg = Debug|iPhoneSimulator
		{0BD7CA8B-4726-4FAC-AEC3-6CF46C18240F}.Debug iPhone|iPhone.ActiveCfg = Debug|iPhone
		{0BD7CA8B-4726-4FAC-AEC3-6CF46C18240F}.Release iPhone|iPhone.ActiveCfg = Release|iPhone
	EndGlobalSection
	GlobalSection(MonoDevelopProperties) = preSolution
		Policies = $0
		$0.DotNetNamingPolicy = $1
		$1.DirectoryNamespaceAssociation = PrefixedHierarchical
		$0.StandardHeader = $2
		$0.VersionControlPolicy = $3
		version = 1.2.6
	EndGlobalSection
EndGlobal
